{
    "_readme": [
        "This file locks the dependencies of your project to a known state",
        "Read more about it at https://getcomposer.org/doc/01-basic-usage.md#installing-dependencies",
        "This file is @generated automatically"
    ],
    "content-hash": "9e591cf3d988eed01f61c083d0159971",
    "packages": [],
    "packages-dev": [
        {
            "name": "php-cs-fixer/shim",
            "version": "v3.92.3",
            "source": {
                "type": "git",
                "url": "https://github.com/PHP-CS-Fixer/shim.git",
                "reference": "85907503d29473dfbb2f5950c84f5c00cb1b7297"
            },
            "dist": {
                "type": "zip",
                "url": "https://api.github.com/repos/PHP-CS-Fixer/shim/zipball/85907503d29473dfbb2f5950c84f5c00cb1b7297",
                "reference": "85907503d29473dfbb2f5950c84f5c00cb1b7297",
                "shasum": ""
            },
            "require": {
                "ext-json": "*",
                "ext-tokenizer": "*",
                "php": "^7.4 || ^8.0"
            },
            "replace": {
                "friendsofphp/php-cs-fixer": "self.version"
            },
            "suggest": {
                "ext-dom": "For handling output formats in XML",
                "ext-mbstring": "For handling non-UTF8 characters."
            },
            "bin": [
                "php-cs-fixer",
                "php-cs-fixer.phar"
            ],
            "type": "application",
            "notification-url": "https://packagist.org/downloads/",
            "license": [
                "MIT"
            ],
            "authors": [
                {
                    "name": "Fabien Potencier",
                    "email": "fabien@symfony.com"
                },
                {
                    "name": "Dariusz Rumiński",
                    "email": "dariusz.ruminski@gmail.com"
                }
            ],
            "description": "A tool to automatically fix PHP code style",
            "support": {
                "issues": "https://github.com/PHP-CS-Fixer/shim/issues",
                "source": "https://github.com/PHP-CS-Fixer/shim/tree/v3.92.3"
            },
            "time": "2025-12-18T10:45:25+00:00"
        }
    ],
    "aliases": [],
    "minimum-stability": "stable",
    "stability-flags": {},
    "prefer-stable": false,
    "prefer-lowest": false,
    "platform": {},
    "platform-dev": {},
    "plugin-api-version": "2.9.0"
}
